
Microsoft Visual Studio Solution File, Format Version 12.00
# Visual Studio 15
VisualStudioVersion = 15.0.28307.779
MinimumVisualStudioVersion = 10.0.40219.1
Project("{FAE04EC0-301F-11D3-BF4B-00C04F79EFBC}") = "GotoWork_PC_v1.0", "GotoWork_PC_v1.0\GotoWork_PC_v1.0.csproj", "{87E0A9D6-611E-486F-844B-76CC8245DCF9}"
EndProject
Global
	GlobalSection(SolutionConfigurationPlatforms) = preSolution
		Debug|Any CPU = Debug|Any CPU
		Release|Any CPU = Release|Any CPU
	EndGlobalSection
	GlobalSection(ProjectConfigurationPlatforms) = postSolution
		{87E0A9D6-611E-486F-844B-76CC8245DCF9}.Debug|Any CPU.ActiveCfg = Debug|Any CPU
		{87E0A9D6-611E-486F-844B-76CC8245DCF9}.Debug|Any CPU.Build.0 = Debug|Any CPU
		{87E0A9D6-611E-486F-844B-76CC8245DCF9}.Release|Any CPU.ActiveCfg = Release|Any CPU
		{87E0A9D6-611E-486F-844B-76CC8245DCF9}.Release|Any CPU.Build.0 = Release|Any CPU
	EndGlobalSection
	GlobalSection(SolutionProperties) = preSolution
		HideSolutionNode = FALSE
	EndGlobalSection
	GlobalSection(ExtensibilityGlobals) = postSolution
		SolutionGuid = {84BB67D8-2CAC-4C3B-8151-141DEA3680D1}
	EndGlobalSection
EndGlobal
